
Microsoft Visual Studio Solution File, Format Version 12.00
# Visual Studio Version 16
VisualStudioVersion = 16.0.30907.101
MinimumVisualStudioVersion = 10.0.40219.1
Project("{FAE04EC0-301F-11D3-BF4B-00C04F79EFBC}") = "SortedListApp", "SortedListApp.csproj", "{7746C6C4-D06D-4307-9EEF-AF54D83BE9CD}"
EndProject
Global
	GlobalSection(SolutionConfigurationPlatforms) = preSolution
		Debug|Any CPU = Debug|Any CPU
		Release|Any CPU = Release|Any CPU
	EndGlobalSection
	GlobalSection(ProjectConfigurationPlatforms) = postSolution
		{7746C6C4-D06D-4307-9EEF-AF54D83BE9CD}.Debug|Any CPU.ActiveCfg = Debug|Any CPU
		{7746C6C4-D06D-4307-9EEF-AF54D83BE9CD}.Debug|Any CPU.Build.0 = Debug|Any CPU
		{7746C6C4-D06D-4307-9EEF-AF54D83BE9CD}.Release|Any CPU.ActiveCfg = Release|Any CPU
		{7746C6C4-D06D-4307-9EEF-AF54D83BE9CD}.Release|Any CPU.Build.0 = Release|Any CPU
	EndGlobalSection
	GlobalSection(SolutionProperties) = preSolution
		HideSolutionNode = FALSE
	EndGlobalSection
	GlobalSection(ExtensibilityGlobals) = postSolution
		SolutionGuid = {56240906-044F-4140-9163-2054BEF71F3B}
	EndGlobalSection
EndGlobal
